
Microsoft Visual Studio Solution File, Format Version 12.00
# Visual Studio 15
VisualStudioVersion = 15.0.27130.2024
MinimumVisualStudioVersion = 10.0.40219.1
Project("{FAE04EC0-301F-11D3-BF4B-00C04F79EFBC}") = "NPP", "NPP\NPP.csproj", "{7D1BFB3C-7D38-4827-8940-AAE9203C9D33}"
EndProject
Project("{FAE04EC0-301F-11D3-BF4B-00C04F79EFBC}") = "NPPTests", "NPPTests1\NPPTests.csproj", "{14D4B096-CC7C-4279-8654-00A4F40A8048}"
EndProject
Project("{FAE04EC0-301F-11D3-BF4B-00C04F79EFBC}") = "KonzolnaTestovi", "KonzolnaTestovi\KonzolnaTestovi.csproj", "{6CB16A9C-F5F6-4BF0-AC60-36339249D2E7}"
EndProject
Project("{FAE04EC0-301F-11D3-BF4B-00C04F79EFBC}") = "KonzolnaTestoviTests", "KonzolnaTestoviTests\KonzolnaTestoviTests.csproj", "{71B29E10-C016-46ED-AD50-DCFC61ECCAA5}"
EndProject
Global
	GlobalSection(SolutionConfigurationPlatforms) = preSolution
		Debug|Any CPU = Debug|Any CPU
		Release|Any CPU = Release|Any CPU
	EndGlobalSection
	GlobalSection(ProjectConfigurationPlatforms) = postSolution
		{7D1BFB3C-7D38-4827-8940-AAE9203C9D33}.Debug|Any CPU.ActiveCfg = Debug|Any CPU
		{7D1BFB3C-7D38-4827-8940-AAE9203C9D33}.Debug|Any CPU.Build.0 = Debug|Any CPU
		{7D1BFB3C-7D38-4827-8940-AAE9203C9D33}.Release|Any CPU.ActiveCfg = Release|Any CPU
		{7D1BFB3C-7D38-4827-8940-AAE9203C9D33}.Release|Any CPU.Build.0 = Release|Any CPU
		{14D4B096-CC7C-4279-8654-00A4F40A8048}.Debug|Any CPU.ActiveCfg = Debug|Any CPU
		{14D4B096-CC7C-4279-8654-00A4F40A8048}.Debug|Any CPU.Build.0 = Debug|Any CPU
		{14D4B096-CC7C-4279-8654-00A4F40A8048}.Release|Any CPU.ActiveCfg = Release|Any CPU
		{14D4B096-CC7C-4279-8654-00A4F40A8048}.Release|Any CPU.Build.0 = Release|Any CPU
		{6CB16A9C-F5F6-4BF0-AC60-36339249D2E7}.Debug|Any CPU.ActiveCfg = Debug|Any CPU
		{6CB16A9C-F5F6-4BF0-AC60-36339249D2E7}.Debug|Any CPU.Build.0 = Debug|Any CPU
		{6CB16A9C-F5F6-4BF0-AC60-36339249D2E7}.Release|Any CPU.ActiveCfg = Release|Any CPU
		{6CB16A9C-F5F6-4BF0-AC60-36339249D2E7}.Release|Any CPU.Build.0 = Release|Any CPU
		{71B29E10-C016-46ED-AD50-DCFC61ECCAA5}.Debug|Any CPU.ActiveCfg = Debug|Any CPU
		{71B29E10-C016-46ED-AD50-DCFC61ECCAA5}.Debug|Any CPU.Build.0 = Debug|Any CPU
		{71B29E10-C016-46ED-AD50-DCFC61ECCAA5}.Release|Any CPU.ActiveCfg = Release|Any CPU
		{71B29E10-C016-46ED-AD50-DCFC61ECCAA5}.Release|Any CPU.Build.0 = Release|Any CPU
	EndGlobalSection
	GlobalSection(SolutionProperties) = preSolution
		HideSolutionNode = FALSE
	EndGlobalSection
	GlobalSection(ExtensibilityGlobals) = postSolution
		SolutionGuid = {ADF9A7D2-DF7E-4FBE-80D0-2B6627070983}
	EndGlobalSection
EndGlobal
